github.com/davidsneighbour/hugo-debug v1.5.9 h1:3jL5MFqL//uXX7rkBpcgwEqgFZek1t4HMja65YctAhc=
github.com/davidsneighbour/hugo-debug v1.5.9/go.mod h1:ka0eftoPGqF1B0TUvAIvWOau96Y5XQKKGZ9DCb5NBz4=
github.com/davidsneighbour/hugo-functions v1.1.1 h1:qas2l+WTohiGRTGecLzlPvaVDUSV1fI8pWEqrCg+VEY=
github.com/davidsneighbour/hugo-functions v1.1.1/go.mod h1:vcxVzEHYhArEYMR0w+r6h6xwoV6Tkovl/d9fK2n3dQE=
github.com/davidsneighbour/libraries/bootstrap5/v2 v2.2.5 h1:fdVZtv5Py+3wWHA8G0l9eQoOCt/P2WmUzWKLfEAKhs8=
github.com/davidsneighbour/libraries/bootstrap5/v2 v2.2.5/go.mod h1:KElL4oonXlxa4XtZOfxepQ27IVxk4RdXzXlT+QFxptg=
github.com/gethugothemes/hugo-modules/seo-tools/google-tag-manager v0.0.0-20220608064808-b0fc1a04ca85 h1:SKU3DANS6bMrOJjyFY/XqXdLJAVULprCDDsw5tXmgXA=
github.com/gethugothemes/hugo-modules/seo-tools/google-tag-manager v0.0.0-20220608064808-b0fc1a04ca85/go.mod h1:zORKJDYM+W1S7BL3OD7vB/W3skoJzDude5wSS7xh7u4=
github.com/twbs/bootstrap v5.1.3+incompatible/go.mod h1:fZTSrkpSf0/HkL0IIJzvVspTt1r9zuf7XlZau8kpcY0=
