github.com/dnb-hugo/components/functions v1.0.26 h1:UVfOkow7ooiD8L/NzkWvDeLPMnEfWOHCAqKHwohEmW8=
github.com/dnb-hugo/components/functions v1.0.26/go.mod h1:64TRuURsUFIlUqAOEgwGQmrjLbv6XOxGnl9cpBAdvg0=
github.com/dnb-hugo/debugprint v1.0.13 h1:ltTp1mQDOdkzAdofiXujRIMm72wbHkip0IYbUvut8Io=
github.com/dnb-hugo/debugprint v1.0.13/go.mod h1:YMvTiP34ADcKHOtCpjeIuzfDyXrh0mSKvfjVt/WXpLM=
github.com/dnb-hugo/libraries/bootstrap5 v1.3.4 h1:SEVGaRgAx9fEUl1brUPzSf/mBZVuOF5IqV1DwJ1aR1A=
github.com/dnb-hugo/libraries/bootstrap5 v1.3.4/go.mod h1:HY2ojoxTKJyWoQBTrm0/4vDigKn0CJ0D6fzvWZwm5N4=
github.com/dnb-hugo/libraries/popper.js v1.1.12/go.mod h1:BfBnx3yJ6GRRwTPmH4OHjEanYtFzSQJl6XhZydcItiY=
github.com/popperjs/popper-core v2.9.2+incompatible/go.mod h1:rrRYxxxrr6Y+9S8V9ttEFhsPN5sFPapL1QOzxjoDz0o=
github.com/twbs/bootstrap v5.0.0+incompatible/go.mod h1:fZTSrkpSf0/HkL0IIJzvVspTt1r9zuf7XlZau8kpcY0=
