github.com/dnb-hugo/components/functions v1.0.35 h1:85EJSuMPDvx2xqcyfMqRCoinSPJWR/vcJevaSciNSsQ=
github.com/dnb-hugo/components/functions v1.0.35/go.mod h1:tMbnIU5Q/s6RGEsb0dhWPQRYu3W91mZPjNaMMzHcPuA=
github.com/dnb-hugo/debugprint v1.0.16 h1:E8ZzrzRkKSFi8UpNpV+jXlimLE2jNZl7R17mFeqSKJc=
github.com/dnb-hugo/debugprint v1.0.16/go.mod h1:EY2j41W28l+WfseA6ss8Xco9Z82a3XnwQT5ihD44hcU=
